
Microsoft Visual Studio Solution File, Format Version 12.00
# Visual Studio 15
VisualStudioVersion = 15.0.28307.136
MinimumVisualStudioVersion = 10.0.40219.1
Project("{FAE04EC0-301F-11D3-BF4B-00C04F79EFBC}") = "Bonus3", "Bonus3\Bonus3.csproj", "{A4B62516-CBEF-4F3E-B92F-05F384AD0112}"
EndProject
Global
	GlobalSection(SolutionConfigurationPlatforms) = preSolution
		Debug|Any CPU = Debug|Any CPU
		Release|Any CPU = Release|Any CPU
	EndGlobalSection
	GlobalSection(ProjectConfigurationPlatforms) = postSolution
		{A4B62516-CBEF-4F3E-B92F-05F384AD0112}.Debug|Any CPU.ActiveCfg = Debug|Any CPU
		{A4B62516-CBEF-4F3E-B92F-05F384AD0112}.Debug|Any CPU.Build.0 = Debug|Any CPU
		{A4B62516-CBEF-4F3E-B92F-05F384AD0112}.Release|Any CPU.ActiveCfg = Release|Any CPU
		{A4B62516-CBEF-4F3E-B92F-05F384AD0112}.Release|Any CPU.Build.0 = Release|Any CPU
	EndGlobalSection
	GlobalSection(SolutionProperties) = preSolution
		HideSolutionNode = FALSE
	EndGlobalSection
	GlobalSection(ExtensibilityGlobals) = postSolution
		SolutionGuid = {70DE5B86-14F3-4AA5-9222-5A98D6901570}
	EndGlobalSection
EndGlobal
